
Microsoft Visual Studio Solution File, Format Version 12.00
# Visual Studio Version 16
VisualStudioVersion = 16.0.30804.86
MinimumVisualStudioVersion = 10.0.40219.1
Project("{FAE04EC0-301F-11D3-BF4B-00C04F79EFBC}") = "activity_", "activity_\activity_.csproj", "{B0CCF79A-B2E1-453A-900C-24A9B505AE62}"
EndProject
Global
	GlobalSection(SolutionConfigurationPlatforms) = preSolution
		Debug|Any CPU = Debug|Any CPU
		Release|Any CPU = Release|Any CPU
	EndGlobalSection
	GlobalSection(ProjectConfigurationPlatforms) = postSolution
		{B0CCF79A-B2E1-453A-900C-24A9B505AE62}.Debug|Any CPU.ActiveCfg = Debug|Any CPU
		{B0CCF79A-B2E1-453A-900C-24A9B505AE62}.Debug|Any CPU.Build.0 = Debug|Any CPU
		{B0CCF79A-B2E1-453A-900C-24A9B505AE62}.Release|Any CPU.ActiveCfg = Release|Any CPU
		{B0CCF79A-B2E1-453A-900C-24A9B505AE62}.Release|Any CPU.Build.0 = Release|Any CPU
	EndGlobalSection
	GlobalSection(SolutionProperties) = preSolution
		HideSolutionNode = FALSE
	EndGlobalSection
	GlobalSection(ExtensibilityGlobals) = postSolution
		SolutionGuid = {1C4B49BB-DDF6-4FEB-9B98-435CCD0A11D7}
	EndGlobalSection
EndGlobal
